// !$*UTF8*$!
{
	archiveVersion = 1;
	classes = {
	};
	objectVersion = 50;
	objects = {

/* Begin PBXBuildFile section */
		4682434E21056B8F00E7FF73 /* AppDelegate.swift in Sources */ = {isa = PBXBuildFile; fileRef = 4682434D21056B8F00E7FF73 /* AppDelegate.swift */; };
		4682435321056B8F00E7FF73 /* Main.storyboard in Resources */ = {isa = PBXBuildFile; fileRef = 4682435121056B8F00E7FF73 /* Main.storyboard */; };
		4682435521056B9000E7FF73 /* Assets.xcassets in Resources */ = {isa = PBXBuildFile; fileRef = 4682435421056B9000E7FF73 /* Assets.xcassets */; };
		4682435821056B9000E7FF73 /* LaunchScreen.storyboard in Resources */ = {isa = PBXBuildFile; fileRef = 4682435621056B9000E7FF73 /* LaunchScreen.storyboard */; };
		4682436021056BBD00E7FF73 /* Results.storyboard in Resources */ = {isa = PBXBuildFile; fileRef = 4682435F21056BBD00E7FF73 /* Results.storyboard */; };
		4682436221056BC600E7FF73 /* Voting.storyboard in Resources */ = {isa = PBXBuildFile; fileRef = 4682436121056BC600E7FF73 /* Voting.storyboard */; };
		4682436421056C8700E7FF73 /* Combined.storyboard in Resources */ = {isa = PBXBuildFile; fileRef = 4682436321056C8700E7FF73 /* Combined.storyboard */; };
		4682436821056D3300E7FF73 /* Vote.swift in Sources */ = {isa = PBXBuildFile; fileRef = 4682436721056D3300E7FF73 /* Vote.swift */; };
		4682436A21056D3C00E7FF73 /* VoteController.swift in Sources */ = {isa = PBXBuildFile; fileRef = 4682436921056D3C00E7FF73 /* VoteController.swift */; };
		4682436C21056D4900E7FF73 /* CombinedViewController.swift in Sources */ = {isa = PBXBuildFile; fileRef = 4682436B21056D4900E7FF73 /* CombinedViewController.swift */; };
		4682436E21056D5E00E7FF73 /* ResultsListTableViewController.swift in Sources */ = {isa = PBXBuildFile; fileRef = 4682436D21056D5E00E7FF73 /* ResultsListTableViewController.swift */; };
		4682437021056D7E00E7FF73 /* VotingViewController.swift in Sources */ = {isa = PBXBuildFile; fileRef = 4682436F21056D7E00E7FF73 /* VotingViewController.swift */; };
		4682437221056DAA00E7FF73 /* PollingTabBarViewController.swift in Sources */ = {isa = PBXBuildFile; fileRef = 4682437121056DAA00E7FF73 /* PollingTabBarViewController.swift */; };
		4682437721056E5400E7FF73 /* VoteControllerProtocol.swift in Sources */ = {isa = PBXBuildFile; fileRef = 4682437621056E5400E7FF73 /* VoteControllerProtocol.swift */; };
/* End PBXBuildFile section */

/* Begin PBXFileReference section */
		4682434A21056B8F00E7FF73 /* Poll.app */ = {isa = PBXFileReference; explicitFileType = wrapper.application; includeInIndex = 0; path = Poll.app; sourceTree = BUILT_PRODUCTS_DIR; };
		4682434D21056B8F00E7FF73 /* AppDelegate.swift */ = {isa = PBXFileReference; lastKnownFileType = sourcecode.swift; path = AppDelegate.swift; sourceTree = "<group>"; };
		4682435221056B8F00E7FF73 /* Base */ = {isa = PBXFileReference; lastKnownFileType = file.storyboard; name = Base; path = Base.lproj/Main.storyboard; sourceTree = "<group>"; };
		4682435421056B9000E7FF73 /* Assets.xcassets */ = {isa = PBXFileReference; lastKnownFileType = folder.assetcatalog; path = Assets.xcassets; sourceTree = "<group>"; };
		4682435721056B9000E7FF73 /* Base */ = {isa = PBXFileReference; lastKnownFileType = file.storyboard; name = Base; path = Base.lproj/LaunchScreen.storyboard; sourceTree = "<group>"; };
		4682435921056B9000E7FF73 /* Info.plist */ = {isa = PBXFileReference; lastKnownFileType = text.plist.xml; path = Info.plist; sourceTree = "<group>"; };
		4682435F21056BBD00E7FF73 /* Results.storyboard */ = {isa = PBXFileReference; lastKnownFileType = file.storyboard; path = Results.storyboard; sourceTree = "<group>"; };
		4682436121056BC600E7FF73 /* Voting.storyboard */ = {isa = PBXFileReference; lastKnownFileType = file.storyboard; path = Voting.storyboard; sourceTree = "<group>"; };
		4682436321056C8700E7FF73 /* Combined.storyboard */ = {isa = PBXFileReference; lastKnownFileType = file.storyboard; path = Combined.storyboard; sourceTree = "<group>"; };
		4682436721056D3300E7FF73 /* Vote.swift */ = {isa = PBXFileReference; lastKnownFileType = sourcecode.swift; path = Vote.swift; sourceTree = "<group>"; };
		4682436921056D3C00E7FF73 /* VoteController.swift */ = {isa = PBXFileReference; lastKnownFileType = sourcecode.swift; path = VoteController.swift; sourceTree = "<group>"; };
		4682436B21056D4900E7FF73 /* CombinedViewController.swift */ = {isa = PBXFileReference; lastKnownFileType = sourcecode.swift; path = CombinedViewController.swift; sourceTree = "<group>"; };
		4682436D21056D5E00E7FF73 /* ResultsListTableViewController.swift */ = {isa = PBXFileReference; lastKnownFileType = sourcecode.swift; path = ResultsListTableViewController.swift; sourceTree = "<group>"; };
		4682436F21056D7E00E7FF73 /* VotingViewController.swift */ = {isa = PBXFileReference; lastKnownFileType = sourcecode.swift; path = VotingViewController.swift; sourceTree = "<group>"; };
		4682437121056DAA00E7FF73 /* PollingTabBarViewController.swift */ = {isa = PBXFileReference; lastKnownFileType = sourcecode.swift; path = PollingTabBarViewController.swift; sourceTree = "<group>"; };
		4682437621056E5400E7FF73 /* VoteControllerProtocol.swift */ = {isa = PBXFileReference; lastKnownFileType = sourcecode.swift; path = VoteControllerProtocol.swift; sourceTree = "<group>"; };
/* End PBXFileReference section */

/* Begin PBXFrameworksBuildPhase section */
		4682434721056B8F00E7FF73 /* Frameworks */ = {
			isa = PBXFrameworksBuildPhase;
			buildActionMask = 2147483647;
			files = (
			);
			runOnlyForDeploymentPostprocessing = 0;
		};
/* End PBXFrameworksBuildPhase section */

/* Begin PBXGroup section */
		4682434121056B8F00E7FF73 = {
			isa = PBXGroup;
			children = (
				4682434C21056B8F00E7FF73 /* Poll */,
				4682434B21056B8F00E7FF73 /* Products */,
			);
			sourceTree = "<group>";
		};
		4682434B21056B8F00E7FF73 /* Products */ = {
			isa = PBXGroup;
			children = (
				4682434A21056B8F00E7FF73 /* Poll.app */,
			);
			name = Products;
			sourceTree = "<group>";
		};
		4682434C21056B8F00E7FF73 /* Poll */ = {
			isa = PBXGroup;
			children = (
				4682437521056DC200E7FF73 /* Models */,
				4682437421056DBA00E7FF73 /* Model Controllers */,
				4682437321056DAF00E7FF73 /* View Controllers */,
				4682436521056CFB00E7FF73 /* Storyboards */,
				4682436621056D0D00E7FF73 /* Resources */,
			);
			path = Poll;
			sourceTree = "<group>";
		};
		4682436521056CFB00E7FF73 /* Storyboards */ = {
			isa = PBXGroup;
			children = (
				4682435121056B8F00E7FF73 /* Main.storyboard */,
				4682436121056BC600E7FF73 /* Voting.storyboard */,
				4682435F21056BBD00E7FF73 /* Results.storyboard */,
				4682436321056C8700E7FF73 /* Combined.storyboard */,
				4682435621056B9000E7FF73 /* LaunchScreen.storyboard */,
			);
			path = Storyboards;
			sourceTree = "<group>";
		};
		4682436621056D0D00E7FF73 /* Resources */ = {
			isa = PBXGroup;
			children = (
				4682437621056E5400E7FF73 /* VoteControllerProtocol.swift */,
				4682434D21056B8F00E7FF73 /* AppDelegate.swift */,
				4682435421056B9000E7FF73 /* Assets.xcassets */,
				4682435921056B9000E7FF73 /* Info.plist */,
			);
			path = Resources;
			sourceTree = "<group>";
		};
		4682437321056DAF00E7FF73 /* View Controllers */ = {
			isa = PBXGroup;
			children = (
				4682436B21056D4900E7FF73 /* CombinedViewController.swift */,
				4682436D21056D5E00E7FF73 /* ResultsListTableViewController.swift */,
				4682436F21056D7E00E7FF73 /* VotingViewController.swift */,
				4682437121056DAA00E7FF73 /* PollingTabBarViewController.swift */,
			);
			path = "View Controllers";
			sourceTree = "<group>";
		};
		4682437421056DBA00E7FF73 /* Model Controllers */ = {
			isa = PBXGroup;
			children = (
				4682436921056D3C00E7FF73 /* VoteController.swift */,
			);
			path = "Model Controllers";
			sourceTree = "<group>";
		};
		4682437521056DC200E7FF73 /* Models */ = {
			isa = PBXGroup;
			children = (
				4682436721056D3300E7FF73 /* Vote.swift */,
			);
			path = Models;
			sourceTree = "<group>";
		};
/* End PBXGroup section */

/* Begin PBXNativeTarget section */
		4682434921056B8F00E7FF73 /* Poll */ = {
			isa = PBXNativeTarget;
			buildConfigurationList = 4682435C21056B9000E7FF73 /* Build configuration list for PBXNativeTarget "Poll" */;
			buildPhases = (
				4682434621056B8F00E7FF73 /* Sources */,
				4682434721056B8F00E7FF73 /* Frameworks */,
				4682434821056B8F00E7FF73 /* Resources */,
			);
			buildRules = (
			);
			dependencies = (
			);
			name = Poll;
			productName = Poll;
			productReference = 4682434A21056B8F00E7FF73 /* Poll.app */;
			productType = "com.apple.product-type.application";
		};
/* End PBXNativeTarget section */

/* Begin PBXProject section */
		4682434221056B8F00E7FF73 /* Project object */ = {
			isa = PBXProject;
			attributes = {
				LastSwiftUpdateCheck = 0940;
				LastUpgradeCheck = 0940;
				ORGANIZATIONNAME = "Lambda School";
				TargetAttributes = {
					4682434921056B8F00E7FF73 = {
						CreatedOnToolsVersion = 9.4.1;
					};
				};
			};
			buildConfigurationList = 4682434521056B8F00E7FF73 /* Build configuration list for PBXProject "Poll" */;
			compatibilityVersion = "Xcode 9.3";
			developmentRegion = en;
			hasScannedForEncodings = 0;
			knownRegions = (
				en,
				Base,
			);
			mainGroup = 4682434121056B8F00E7FF73;
			productRefGroup = 4682434B21056B8F00E7FF73 /* Products */;
			projectDirPath = "";
			projectRoot = "";
			targets = (
				4682434921056B8F00E7FF73 /* Poll */,
			);
		};
/* End PBXProject section */

/* Begin PBXResourcesBuildPhase section */
		4682434821056B8F00E7FF73 /* Resources */ = {
			isa = PBXResourcesBuildPhase;
			buildActionMask = 2147483647;
			files = (
				4682435821056B9000E7FF73 /* LaunchScreen.storyboard in Resources */,
				4682436221056BC600E7FF73 /* Voting.storyboard in Resources */,
				4682435521056B9000E7FF73 /* Assets.xcassets in Resources */,
				4682435321056B8F00E7FF73 /* Main.storyboard in Resources */,
				4682436021056BBD00E7FF73 /* Results.storyboard in Resources */,
				4682436421056C8700E7FF73 /* Combined.storyboard in Resources */,
			);
			runOnlyForDeploymentPostprocessing = 0;
		};
/* End PBXResourcesBuildPhase section */

/* Begin PBXSourcesBuildPhase section */
		4682434621056B8F00E7FF73 /* Sources */ = {
			isa = PBXSourcesBuildPhase;
			buildActionMask = 2147483647;
			files = (
				4682436E21056D5E00E7FF73 /* ResultsListTableViewController.swift in Sources */,
				4682436A21056D3C00E7FF73 /* VoteController.swift in Sources */,
				4682434E21056B8F00E7FF73 /* AppDelegate.swift in Sources */,
				4682437721056E5400E7FF73 /* VoteControllerProtocol.swift in Sources */,
				4682436821056D3300E7FF73 /* Vote.swift in Sources */,
				4682436C21056D4900E7FF73 /* CombinedViewController.swift in Sources */,
				4682437021056D7E00E7FF73 /* VotingViewController.swift in Sources */,
				4682437221056DAA00E7FF73 /* PollingTabBarViewController.swift in Sources */,
			);
			runOnlyForDeploymentPostprocessing = 0;
		};
/* End PBXSourcesBuildPhase section */

/* Begin PBXVariantGroup section */
		4682435121056B8F00E7FF73 /* Main.storyboard */ = {
			isa = PBXVariantGroup;
			children = (
				4682435221056B8F00E7FF73 /* Base */,
			);
			name = Main.storyboard;
			sourceTree = "<group>";
		};
		4682435621056B9000E7FF73 /* LaunchScreen.storyboard */ = {
			isa = PBXVariantGroup;
			children = (
				4682435721056B9000E7FF73 /* Base */,
			);
			name = LaunchScreen.storyboard;
			sourceTree = "<group>";
		};
/* End PBXVariantGroup section */

/* Begin XCBuildConfiguration section */
		4682435A21056B9000E7FF73 /* Debug */ = {
			isa = XCBuildConfiguration;
			buildSettings = {
				ALWAYS_SEARCH_USER_PATHS = NO;
				CLANG_ANALYZER_NONNULL = YES;
				CLANG_ANALYZER_NUMBER_OBJECT_CONVERSION = YES_AGGRESSIVE;
				CLANG_CXX_LANGUAGE_STANDARD = "gnu++14";
				CLANG_CXX_LIBRARY = "libc++";
				CLANG_ENABLE_MODULES = YES;
				CLANG_ENABLE_OBJC_ARC = YES;
				CLANG_ENABLE_OBJC_WEAK = YES;
				CLANG_WARN_BLOCK_CAPTURE_AUTORELEASING = YES;
				CLANG_WARN_BOOL_CONVERSION = YES;
				CLANG_WARN_COMMA = YES;
				CLANG_WARN_CONSTANT_CONVERSION = YES;
				CLANG_WARN_DEPRECATED_OBJC_IMPLEMENTATIONS = YES;
				CLANG_WARN_DIRECT_OBJC_ISA_USAGE = YES_ERROR;
				CLANG_WARN_DOCUMENTATION_COMMENTS = YES;
				CLANG_WARN_EMPTY_BODY = YES;
				CLANG_WARN_ENUM_CONVERSION = YES;
				CLANG_WARN_INFINITE_RECURSION = YES;
				CLANG_WARN_INT_CONVERSION = YES;
				CLANG_WARN_NON_LITERAL_NULL_CONVERSION = YES;
				CLANG_WARN_OBJC_IMPLICIT_RETAIN_SELF = YES;
				CLANG_WARN_OBJC_LITERAL_CONVERSION = YES;
				CLANG_WARN_OBJC_ROOT_CLASS = YES_ERROR;
				CLANG_WARN_RANGE_LOOP_ANALYSIS = YES;
				CLANG_WARN_STRICT_PROTOTYPES = YES;
				CLANG_WARN_SUSPICIOUS_MOVE = YES;
				CLANG_WARN_UNGUARDED_AVAILABILITY = YES_AGGRESSIVE;
				CLANG_WARN_UNREACHABLE_CODE = YES;
				CLANG_WARN__DUPLICATE_METHOD_MATCH = YES;
				CODE_SIGN_IDENTITY = "iPhone Developer";
				COPY_PHASE_STRIP = NO;
				DEBUG_INFORMATION_FORMAT = dwarf;
				ENABLE_STRICT_OBJC_MSGSEND = YES;
				ENABLE_TESTABILITY = YES;
				GCC_C_LANGUAGE_STANDARD = gnu11;
				GCC_DYNAMIC_NO_PIC = NO;
				GCC_NO_COMMON_BLOCKS = YES;
				GCC_OPTIMIZATION_LEVEL = 0;
				GCC_PREPROCESSOR_DEFINITIONS = (
					"DEBUG=1",
					"$(inherited)",
				);
				GCC_WARN_64_TO_32_BIT_CONVERSION = YES;
				GCC_WARN_ABOUT_RETURN_TYPE = YES_ERROR;
				GCC_WARN_UNDECLARED_SELECTOR = YES;
				GCC_WARN_UNINITIALIZED_AUTOS = YES_AGGRESSIVE;
				GCC_WARN_UNUSED_FUNCTION = YES;
				GCC_WARN_UNUSED_VARIABLE = YES;
				IPHONEOS_DEPLOYMENT_TARGET = 11.4;
				MTL_ENABLE_DEBUG_INFO = YES;
				ONLY_ACTIVE_ARCH = YES;
				SDKROOT = iphoneos;
				SWIFT_ACTIVE_COMPILATION_CONDITIONS = DEBUG;
				SWIFT_OPTIMIZATION_LEVEL = "-Onone";
			};
			name = Debug;
		};
		4682435B21056B9000E7FF73 /* Release */ = {
			isa = XCBuildConfiguration;
			buildSettings = {
				ALWAYS_SEARCH_USER_PATHS = NO;
				CLANG_ANALYZER_NONNULL = YES;
				CLANG_ANALYZER_NUMBER_OBJECT_CONVERSION = YES_AGGRESSIVE;
				CLANG_CXX_LANGUAGE_STANDARD = "gnu++14";
				CLANG_CXX_LIBRARY = "libc++";
				CLANG_ENABLE_MODULES = YES;
				CLANG_ENABLE_OBJC_ARC = YES;
				CLANG_ENABLE_OBJC_WEAK = YES;
				CLANG_WARN_BLOCK_CAPTURE_AUTORELEASING = YES;
				CLANG_WARN_BOOL_CONVERSION = YES;
				CLANG_WARN_COMMA = YES;
				CLANG_WARN_CONSTANT_CONVERSION = YES;
				CLANG_WARN_DEPRECATED_OBJC_IMPLEMENTATIONS = YES;
				CLANG_WARN_DIRECT_OBJC_ISA_USAGE = YES_ERROR;
				CLANG_WARN_DOCUMENTATION_COMMENTS = YES;
				CLANG_WARN_EMPTY_BODY = YES;
				CLANG_WARN_ENUM_CONVERSION = YES;
				CLANG_WARN_INFINITE_RECURSION = YES;
				CLANG_WARN_INT_CONVERSION = YES;
				CLANG_WARN_NON_LITERAL_NULL_CONVERSION = YES;
				CLANG_WARN_OBJC_IMPLICIT_RETAIN_SELF = YES;
				CLANG_WARN_OBJC_LITERAL_CONVERSION = YES;
				CLANG_WARN_OBJC_ROOT_CLASS = YES_ERROR;
				CLANG_WARN_RANGE_LOOP_ANALYSIS = YES;
				CLANG_WARN_STRICT_PROTOTYPES = YES;
				CLANG_WARN_SUSPICIOUS_MOVE = YES;
				CLANG_WARN_UNGUARDED_AVAILABILITY = YES_AGGRESSIVE;
				CLANG_WARN_UNREACHABLE_CODE = YES;
				CLANG_WARN__DUPLICATE_METHOD_MATCH = YES;
				CODE_SIGN_IDENTITY = "iPhone Developer";
				COPY_PHASE_STRIP = NO;
				DEBUG_INFORMATION_FORMAT = "dwarf-with-dsym";
				ENABLE_NS_ASSERTIONS = NO;
				ENABLE_STRICT_OBJC_MSGSEND = YES;
				GCC_C_LANGUAGE_STANDARD = gnu11;
				GCC_NO_COMMON_BLOCKS = YES;
				GCC_WARN_64_TO_32_BIT_CONVERSION = YES;
				GCC_WARN_ABOUT_RETURN_TYPE = YES_ERROR;
				GCC_WARN_UNDECLARED_SELECTOR = YES;
				GCC_WARN_UNINITIALIZED_AUTOS = YES_AGGRESSIVE;
				GCC_WARN_UNUSED_FUNCTION = YES;
				GCC_WARN_UNUSED_VARIABLE = YES;
				IPHONEOS_DEPLOYMENT_TARGET = 11.4;
				MTL_ENABLE_DEBUG_INFO = NO;
				SDKROOT = iphoneos;
				SWIFT_COMPILATION_MODE = wholemodule;
				SWIFT_OPTIMIZATION_LEVEL = "-O";
				VALIDATE_PRODUCT = YES;
			};
			name = Release;
		};
		4682435D21056B9000E7FF73 /* Debug */ = {
			isa = XCBuildConfiguration;
			buildSettings = {
				ASSETCATALOG_COMPILER_APPICON_NAME = AppIcon;
				CODE_SIGN_STYLE = Automatic;
				DEVELOPMENT_TEAM = K3LN6LR5X2;
				INFOPLIST_FILE = "$(SRCROOT)/Poll/Resources/Info.plist";
				LD_RUNPATH_SEARCH_PATHS = (
					"$(inherited)",
					"@executable_path/Frameworks",
				);
				PRODUCT_BUNDLE_IDENTIFIER = com.LambdaSchool.Poll;
				PRODUCT_NAME = "$(TARGET_NAME)";
				SWIFT_VERSION = 4.0;
				TARGETED_DEVICE_FAMILY = "1,2";
			};
			name = Debug;
		};
		4682435E21056B9000E7FF73 /* Release */ = {
			isa = XCBuildConfiguration;
			buildSettings = {
				ASSETCATALOG_COMPILER_APPICON_NAME = AppIcon;
				CODE_SIGN_STYLE = Automatic;
				DEVELOPMENT_TEAM = K3LN6LR5X2;
				INFOPLIST_FILE = "$(SRCROOT)/Poll/Resources/Info.plist";
				LD_RUNPATH_SEARCH_PATHS = (
					"$(inherited)",
					"@executable_path/Frameworks",
				);
				PRODUCT_BUNDLE_IDENTIFIER = com.LambdaSchool.Poll;
				PRODUCT_NAME = "$(TARGET_NAME)";
				SWIFT_VERSION = 4.0;
				TARGETED_DEVICE_FAMILY = "1,2";
			};
			name = Release;
		};
/* End XCBuildConfiguration section */

/* Begin XCConfigurationList section */
		4682434521056B8F00E7FF73 /* Build configuration list for PBXProject "Poll" */ = {
			isa = XCConfigurationList;
			buildConfigurations = (
				4682435A21056B9000E7FF73 /* Debug */,
				4682435B21056B9000E7FF73 /* Release */,
			);
			defaultConfigurationIsVisible = 0;
			defaultConfigurationName = Release;
		};
		4682435C21056B9000E7FF73 /* Build configuration list for PBXNativeTarget "Poll" */ = {
			isa = XCConfigurationList;
			buildConfigurations = (
				4682435D21056B9000E7FF73 /* Debug */,
				4682435E21056B9000E7FF73 /* Release */,
			);
			defaultConfigurationIsVisible = 0;
			defaultConfigurationName = Release;
		};
/* End XCConfigurationList section */
	};
	rootObject = 4682434221056B8F00E7FF73 /* Project object */;
}
